
Microsoft Visual Studio Solution File, Format Version 12.00
# Visual Studio Version 16
VisualStudioVersion = 16.0.29201.188
MinimumVisualStudioVersion = 10.0.40219.1
Project("{FAE04EC0-301F-11D3-BF4B-00C04F79EFBC}") = "CodeEditor", "CodeEditor\CodeEditor.csproj", "{3AC31460-2AA0-44FE-9D1E-BDE2BA7D44A3}"
EndProject
Project("{2150E333-8FDC-42A3-9474-1A3956D46DE8}") = "Components", "Components", "{A754493D-D8CD-42D2-B5F8-03C6543F02E6}"
EndProject
Project("{FAE04EC0-301F-11D3-BF4B-00C04F79EFBC}") = "FileListView", "Components\FileListView\FileListView.csproj", "{735CF8EC-A4EF-49A2-BC72-EC360A0185A4}"
EndProject
Project("{FAE04EC0-301F-11D3-BF4B-00C04F79EFBC}") = "FileSystemModels", "Components\FileSystemModels\FileSystemModels.csproj", "{391639C4-5C43-4391-9465-27686E82C33F}"
EndProject
Project("{2150E333-8FDC-42A3-9474-1A3956D46DE8}") = "UserControls", "UserControls", "{EED58C2D-9F2F-499C-A6EA-74AADFD45BD2}"
EndProject
Project("{FAE04EC0-301F-11D3-BF4B-00C04F79EFBC}") = "ExplorerControl", "UserControls\ExplorerControl\ExplorerControl.csproj", "{3360656A-455D-44DF-AAB4-8B3E9A707404}"
EndProject
Project("{FAE04EC0-301F-11D3-BF4B-00C04F79EFBC}") = "FilterControlsLib", "Components\FilterControlsLib\FilterControlsLib.csproj", "{52F61815-3EC5-461B-BCE0-AB80B1C5B229}"
EndProject
Project("{FAE04EC0-301F-11D3-BF4B-00C04F79EFBC}") = "FolderBrowser", "Components\FolderBrowser\FolderBrowser.csproj", "{7D4BD5F8-A98E-4966-ABBD-CBE202DFBEF7}"
EndProject
Project("{FAE04EC0-301F-11D3-BF4B-00C04F79EFBC}") = "FolderControlsLib", "Components\FolderControlsLib\FolderControlsLib.csproj", "{511FA2D6-2022-4DE1-9A3E-731E04E8F10C}"
EndProject
Global
	GlobalSection(SolutionConfigurationPlatforms) = preSolution
		Debug|Any CPU = Debug|Any CPU
		Debug|x64 = Debug|x64
		Debug|x86 = Debug|x86
		Release|Any CPU = Release|Any CPU
		Release|x64 = Release|x64
		Release|x86 = Release|x86
	EndGlobalSection
	GlobalSection(ProjectConfigurationPlatforms) = postSolution
		{3AC31460-2AA0-44FE-9D1E-BDE2BA7D44A3}.Debug|Any CPU.ActiveCfg = Debug|Any CPU
		{3AC31460-2AA0-44FE-9D1E-BDE2BA7D44A3}.Debug|Any CPU.Build.0 = Debug|Any CPU
		{3AC31460-2AA0-44FE-9D1E-BDE2BA7D44A3}.Debug|x64.ActiveCfg = Debug|Any CPU
		{3AC31460-2AA0-44FE-9D1E-BDE2BA7D44A3}.Debug|x64.Build.0 = Debug|Any CPU
		{3AC31460-2AA0-44FE-9D1E-BDE2BA7D44A3}.Debug|x86.ActiveCfg = Debug|Any CPU
		{3AC31460-2AA0-44FE-9D1E-BDE2BA7D44A3}.Debug|x86.Build.0 = Debug|Any CPU
		{3AC31460-2AA0-44FE-9D1E-BDE2BA7D44A3}.Release|Any CPU.ActiveCfg = Release|Any CPU
		{3AC31460-2AA0-44FE-9D1E-BDE2BA7D44A3}.Release|Any CPU.Build.0 = Release|Any CPU
		{3AC31460-2AA0-44FE-9D1E-BDE2BA7D44A3}.Release|x64.ActiveCfg = Release|Any CPU
		{3AC31460-2AA0-44FE-9D1E-BDE2BA7D44A3}.Release|x64.Build.0 = Release|Any CPU
		{3AC31460-2AA0-44FE-9D1E-BDE2BA7D44A3}.Release|x86.ActiveCfg = Release|Any CPU
		{3AC31460-2AA0-44FE-9D1E-BDE2BA7D44A3}.Release|x86.Build.0 = Release|Any CPU
		{735CF8EC-A4EF-49A2-BC72-EC360A0185A4}.Debug|Any CPU.ActiveCfg = Debug|Any CPU
		{735CF8EC-A4EF-49A2-BC72-EC360A0185A4}.Debug|Any CPU.Build.0 = Debug|Any CPU
		{735CF8EC-A4EF-49A2-BC72-EC360A0185A4}.Debug|x64.ActiveCfg = Debug|Any CPU
		{735CF8EC-A4EF-49A2-BC72-EC360A0185A4}.Debug|x64.Build.0 = Debug|Any CPU
		{735CF8EC-A4EF-49A2-BC72-EC360A0185A4}.Debug|x86.ActiveCfg = Debug|x86
		{735CF8EC-A4EF-49A2-BC72-EC360A0185A4}.Debug|x86.Build.0 = Debug|x86
		{735CF8EC-A4EF-49A2-BC72-EC360A0185A4}.Release|Any CPU.ActiveCfg = Release|Any CPU
		{735CF8EC-A4EF-49A2-BC72-EC360A0185A4}.Release|Any CPU.Build.0 = Release|Any CPU
		{735CF8EC-A4EF-49A2-BC72-EC360A0185A4}.Release|x64.ActiveCfg = Release|Any CPU
		{735CF8EC-A4EF-49A2-BC72-EC360A0185A4}.Release|x64.Build.0 = Release|Any CPU
		{735CF8EC-A4EF-49A2-BC72-EC360A0185A4}.Release|x86.ActiveCfg = Release|x86
		{735CF8EC-A4EF-49A2-BC72-EC360A0185A4}.Release|x86.Build.0 = Release|x86
		{391639C4-5C43-4391-9465-27686E82C33F}.Debug|Any CPU.ActiveCfg = Debug|Any CPU
		{391639C4-5C43-4391-9465-27686E82C33F}.Debug|Any CPU.Build.0 = Debug|Any CPU
		{391639C4-5C43-4391-9465-27686E82C33F}.Debug|x64.ActiveCfg = Debug|x64
		{391639C4-5C43-4391-9465-27686E82C33F}.Debug|x64.Build.0 = Debug|x64
		{391639C4-5C43-4391-9465-27686E82C33F}.Debug|x86.ActiveCfg = Debug|x86
		{391639C4-5C43-4391-9465-27686E82C33F}.Debug|x86.Build.0 = Debug|x86
		{391639C4-5C43-4391-9465-27686E82C33F}.Release|Any CPU.ActiveCfg = Release|Any CPU
		{391639C4-5C43-4391-9465-27686E82C33F}.Release|Any CPU.Build.0 = Release|Any CPU
		{391639C4-5C43-4391-9465-27686E82C33F}.Release|x64.ActiveCfg = Release|x64
		{391639C4-5C43-4391-9465-27686E82C33F}.Release|x64.Build.0 = Release|x64
		{391639C4-5C43-4391-9465-27686E82C33F}.Release|x86.ActiveCfg = Release|x86
		{391639C4-5C43-4391-9465-27686E82C33F}.Release|x86.Build.0 = Release|x86
		{3360656A-455D-44DF-AAB4-8B3E9A707404}.Debug|Any CPU.ActiveCfg = Debug|Any CPU
		{3360656A-455D-44DF-AAB4-8B3E9A707404}.Debug|Any CPU.Build.0 = Debug|Any CPU
		{3360656A-455D-44DF-AAB4-8B3E9A707404}.Debug|x64.ActiveCfg = Debug|Any CPU
		{3360656A-455D-44DF-AAB4-8B3E9A707404}.Debug|x64.Build.0 = Debug|Any CPU
		{3360656A-455D-44DF-AAB4-8B3E9A707404}.Debug|x86.ActiveCfg = Debug|Any CPU
		{3360656A-455D-44DF-AAB4-8B3E9A707404}.Debug|x86.Build.0 = Debug|Any CPU
		{3360656A-455D-44DF-AAB4-8B3E9A707404}.Release|Any CPU.ActiveCfg = Release|Any CPU
		{3360656A-455D-44DF-AAB4-8B3E9A707404}.Release|Any CPU.Build.0 = Release|Any CPU
		{3360656A-455D-44DF-AAB4-8B3E9A707404}.Release|x64.ActiveCfg = Release|Any CPU
		{3360656A-455D-44DF-AAB4-8B3E9A707404}.Release|x64.Build.0 = Release|Any CPU
		{3360656A-455D-44DF-AAB4-8B3E9A707404}.Release|x86.ActiveCfg = Release|Any CPU
		{3360656A-455D-44DF-AAB4-8B3E9A707404}.Release|x86.Build.0 = Release|Any CPU
		{52F61815-3EC5-461B-BCE0-AB80B1C5B229}.Debug|Any CPU.ActiveCfg = Debug|Any CPU
		{52F61815-3EC5-461B-BCE0-AB80B1C5B229}.Debug|Any CPU.Build.0 = Debug|Any CPU
		{52F61815-3EC5-461B-BCE0-AB80B1C5B229}.Debug|x64.ActiveCfg = Debug|Any CPU
		{52F61815-3EC5-461B-BCE0-AB80B1C5B229}.Debug|x64.Build.0 = Debug|Any CPU
		{52F61815-3EC5-461B-BCE0-AB80B1C5B229}.Debug|x86.ActiveCfg = Debug|Any CPU
		{52F61815-3EC5-461B-BCE0-AB80B1C5B229}.Debug|x86.Build.0 = Debug|Any CPU
		{52F61815-3EC5-461B-BCE0-AB80B1C5B229}.Release|Any CPU.ActiveCfg = Release|Any CPU
		{52F61815-3EC5-461B-BCE0-AB80B1C5B229}.Release|Any CPU.Build.0 = Release|Any CPU
		{52F61815-3EC5-461B-BCE0-AB80B1C5B229}.Release|x64.ActiveCfg = Release|Any CPU
		{52F61815-3EC5-461B-BCE0-AB80B1C5B229}.Release|x64.Build.0 = Release|Any CPU
		{52F61815-3EC5-461B-BCE0-AB80B1C5B229}.Release|x86.ActiveCfg = Release|Any CPU
		{52F61815-3EC5-461B-BCE0-AB80B1C5B229}.Release|x86.Build.0 = Release|Any CPU
		{7D4BD5F8-A98E-4966-ABBD-CBE202DFBEF7}.Debug|Any CPU.ActiveCfg = Debug|Any CPU
		{7D4BD5F8-A98E-4966-ABBD-CBE202DFBEF7}.Debug|Any CPU.Build.0 = Debug|Any CPU
		{7D4BD5F8-A98E-4966-ABBD-CBE202DFBEF7}.Debug|x64.ActiveCfg = Debug|x64
		{7D4BD5F8-A98E-4966-ABBD-CBE202DFBEF7}.Debug|x64.Build.0 = Debug|x64
		{7D4BD5F8-A98E-4966-ABBD-CBE202DFBEF7}.Debug|x86.ActiveCfg = Debug|x86
		{7D4BD5F8-A98E-4966-ABBD-CBE202DFBEF7}.Debug|x86.Build.0 = Debug|x86
		{7D4BD5F8-A98E-4966-ABBD-CBE202DFBEF7}.Release|Any CPU.ActiveCfg = Release|Any CPU
		{7D4BD5F8-A98E-4966-ABBD-CBE202DFBEF7}.Release|Any CPU.Build.0 = Release|Any CPU
		{7D4BD5F8-A98E-4966-ABBD-CBE202DFBEF7}.Release|x64.ActiveCfg = Release|x64
		{7D4BD5F8-A98E-4966-ABBD-CBE202DFBEF7}.Release|x64.Build.0 = Release|x64
		{7D4BD5F8-A98E-4966-ABBD-CBE202DFBEF7}.Release|x86.ActiveCfg = Release|x86
		{7D4BD5F8-A98E-4966-ABBD-CBE202DFBEF7}.Release|x86.Build.0 = Release|x86
		{511FA2D6-2022-4DE1-9A3E-731E04E8F10C}.Debug|Any CPU.ActiveCfg = Debug|Any CPU
		{511FA2D6-2022-4DE1-9A3E-731E04E8F10C}.Debug|Any CPU.Build.0 = Debug|Any CPU
		{511FA2D6-2022-4DE1-9A3E-731E04E8F10C}.Debug|x64.ActiveCfg = Debug|Any CPU
		{511FA2D6-2022-4DE1-9A3E-731E04E8F10C}.Debug|x64.Build.0 = Debug|Any CPU
		{511FA2D6-2022-4DE1-9A3E-731E04E8F10C}.Debug|x86.ActiveCfg = Debug|Any CPU
		{511FA2D6-2022-4DE1-9A3E-731E04E8F10C}.Debug|x86.Build.0 = Debug|Any CPU
		{511FA2D6-2022-4DE1-9A3E-731E04E8F10C}.Release|Any CPU.ActiveCfg = Release|Any CPU
		{511FA2D6-2022-4DE1-9A3E-731E04E8F10C}.Release|Any CPU.Build.0 = Release|Any CPU
		{511FA2D6-2022-4DE1-9A3E-731E04E8F10C}.Release|x64.ActiveCfg = Release|Any CPU
		{511FA2D6-2022-4DE1-9A3E-731E04E8F10C}.Release|x64.Build.0 = Release|Any CPU
		{511FA2D6-2022-4DE1-9A3E-731E04E8F10C}.Release|x86.ActiveCfg = Release|Any CPU
		{511FA2D6-2022-4DE1-9A3E-731E04E8F10C}.Release|x86.Build.0 = Release|Any CPU
	EndGlobalSection
	GlobalSection(SolutionProperties) = preSolution
		HideSolutionNode = FALSE
	EndGlobalSection
	GlobalSection(NestedProjects) = preSolution
		{735CF8EC-A4EF-49A2-BC72-EC360A0185A4} = {A754493D-D8CD-42D2-B5F8-03C6543F02E6}
		{391639C4-5C43-4391-9465-27686E82C33F} = {A754493D-D8CD-42D2-B5F8-03C6543F02E6}
		{3360656A-455D-44DF-AAB4-8B3E9A707404} = {EED58C2D-9F2F-499C-A6EA-74AADFD45BD2}
		{52F61815-3EC5-461B-BCE0-AB80B1C5B229} = {A754493D-D8CD-42D2-B5F8-03C6543F02E6}
		{7D4BD5F8-A98E-4966-ABBD-CBE202DFBEF7} = {A754493D-D8CD-42D2-B5F8-03C6543F02E6}
		{511FA2D6-2022-4DE1-9A3E-731E04E8F10C} = {A754493D-D8CD-42D2-B5F8-03C6543F02E6}
	EndGlobalSection
	GlobalSection(ExtensibilityGlobals) = postSolution
		SolutionGuid = {2D1C253B-6B8E-41C0-B382-0692D6A1D83F}
	EndGlobalSection
EndGlobal
