
Microsoft Visual Studio Solution File, Format Version 12.00
# Visual Studio Version 16
VisualStudioVersion = 16.0.29201.188
MinimumVisualStudioVersion = 10.0.40219.1
Project("{FAE04EC0-301F-11D3-BF4B-00C04F79EFBC}") = "CodeEditor", "CodeEditor\CodeEditor.csproj", "{3AC31460-2AA0-44FE-9D1E-BDE2BA7D44A3}"
EndProject
Global
	GlobalSection(SolutionConfigurationPlatforms) = preSolution
		Debug|Any CPU = Debug|Any CPU
		Release|Any CPU = Release|Any CPU
	EndGlobalSection
	GlobalSection(ProjectConfigurationPlatforms) = postSolution
		{3AC31460-2AA0-44FE-9D1E-BDE2BA7D44A3}.Debug|Any CPU.ActiveCfg = Debug|Any CPU
		{3AC31460-2AA0-44FE-9D1E-BDE2BA7D44A3}.Debug|Any CPU.Build.0 = Debug|Any CPU
		{3AC31460-2AA0-44FE-9D1E-BDE2BA7D44A3}.Release|Any CPU.ActiveCfg = Release|Any CPU
		{3AC31460-2AA0-44FE-9D1E-BDE2BA7D44A3}.Release|Any CPU.Build.0 = Release|Any CPU
	EndGlobalSection
	GlobalSection(SolutionProperties) = preSolution
		HideSolutionNode = FALSE
	EndGlobalSection
	GlobalSection(ExtensibilityGlobals) = postSolution
		SolutionGuid = {2D1C253B-6B8E-41C0-B382-0692D6A1D83F}
	EndGlobalSection
EndGlobal
